
Microsoft Visual Studio Solution File, Format Version 12.00
# Visual Studio 15
VisualStudioVersion = 15.0.26228.4
MinimumVisualStudioVersion = 10.0.40219.1
Project("{8BC9CEB8-8B4A-11D0-8D11-00A0C91BC942}") = "AircraftBoardingSimulator", "Test\Test.vcxproj", "{E22E0560-7318-4660-BE6C-A46F93CEE9B4}"
EndProject
Global
	GlobalSection(SolutionConfigurationPlatforms) = preSolution
		Debug|x64 = Debug|x64
		Debug|x86 = Debug|x86
		Release|x64 = Release|x64
		Release|x86 = Release|x86
	EndGlobalSection
	GlobalSection(ProjectConfigurationPlatforms) = postSolution
		{E22E0560-7318-4660-BE6C-A46F93CEE9B4}.Debug|x64.ActiveCfg = Debug|x64
		{E22E0560-7318-4660-BE6C-A46F93CEE9B4}.Debug|x64.Build.0 = Debug|x64
		{E22E0560-7318-4660-BE6C-A46F93CEE9B4}.Debug|x86.ActiveCfg = Debug|Win32
		{E22E0560-7318-4660-BE6C-A46F93CEE9B4}.Debug|x86.Build.0 = Debug|Win32
		{E22E0560-7318-4660-BE6C-A46F93CEE9B4}.Release|x64.ActiveCfg = Release|x64
		{E22E0560-7318-4660-BE6C-A46F93CEE9B4}.Release|x64.Build.0 = Release|x64
		{E22E0560-7318-4660-BE6C-A46F93CEE9B4}.Release|x86.ActiveCfg = Release|Win32
		{E22E0560-7318-4660-BE6C-A46F93CEE9B4}.Release|x86.Build.0 = Release|Win32
	EndGlobalSection
	GlobalSection(SolutionProperties) = preSolution
		HideSolutionNode = FALSE
	EndGlobalSection
	GlobalSection(ExtensibilityGlobals) = postSolution
		SolutionGuid = {D792B26A-234F-41FE-A93F-28F52BD39189}
	EndGlobalSection
EndGlobal
